{
  "object": {
    "pins": [
      {
        "package": "AppAuth",
        "repositoryURL": "https://github.com/openid/AppAuth-iOS",
        "state": {
          "branch": null,
          "revision": "01131d68346c8ae552961c768d583c715fbe1410",
          "version": "1.4.0"
        }
      },
      {
        "package": "TIMEncryptedStorage",
        "repositoryURL": "https://github.com/trifork/TIMEncryptedStorage-iOS",
        "state": {
          "branch": "tkc/improved-testing",
          "revision": "a6c9ac6a1cf78044e62983e671e3dc0c91ed0e17",
          "version": null
        }
      }
    ]
  },
  "version": 1
}
