{
  "object": {
    "pins": [
      {
        "package": "AppAuth",
        "repositoryURL": "https://github.com/openid/AppAuth-iOS",
        "state": {
          "branch": null,
          "revision": "01131d68346c8ae552961c768d583c715fbe1410",
          "version": "1.4.0"
        }
      },
      {
        "package": "TIMEncryptedStorage",
        "repositoryURL": "https://github.com/trifork/TIMEncryptedStorage-iOS",
        "state": {
          "branch": null,
          "revision": "4502fb1469c44990197a2138dfcf9ee13beed651",
          "version": "2.2.0"
        }
      }
    ]
  },
  "version": 1
}
