{
  "object": {
    "pins": [
      {
        "package": "AppAuth",
        "repositoryURL": "https://github.com/openid/AppAuth-iOS",
        "state": {
          "branch": null,
          "revision": "01131d68346c8ae552961c768d583c715fbe1410",
          "version": "1.4.0"
        }
      },
      {
        "package": "TIMEncryptedStorage",
        "repositoryURL": "https://github.com/trifork/TIMEncryptedStorage-iOS",
        "state": {
          "branch": null,
          "revision": "246c0cf65a6335b871bed972ea14225a11c1f0c3",
          "version": "2.1.0"
        }
      }
    ]
  },
  "version": 1
}
